
Microsoft Visual Studio Solution File, Format Version 12.00
# Visual Studio 15
VisualStudioVersion = 15.0.27130.2027
MinimumVisualStudioVersion = 10.0.40219.1
Project("{9A19103F-16F7-4668-BE54-9A1E7A4F7556}") = "CasaDoCodigo.Aula4", "Aula4\CasaDoCodigo\CasaDoCodigo.Aula4.csproj", "{8F56146B-4D27-46DA-9910-52C1992BF107}"
EndProject
Global
	GlobalSection(SolutionConfigurationPlatforms) = preSolution
		Debug|Any CPU = Debug|Any CPU
		Release|Any CPU = Release|Any CPU
	EndGlobalSection
	GlobalSection(ProjectConfigurationPlatforms) = postSolution
		{8F56146B-4D27-46DA-9910-52C1992BF107}.Debug|Any CPU.ActiveCfg = Debug|Any CPU
		{8F56146B-4D27-46DA-9910-52C1992BF107}.Debug|Any CPU.Build.0 = Debug|Any CPU
		{8F56146B-4D27-46DA-9910-52C1992BF107}.Release|Any CPU.ActiveCfg = Release|Any CPU
		{8F56146B-4D27-46DA-9910-52C1992BF107}.Release|Any CPU.Build.0 = Release|Any CPU
	EndGlobalSection
	GlobalSection(SolutionProperties) = preSolution
		HideSolutionNode = FALSE
	EndGlobalSection
	GlobalSection(ExtensibilityGlobals) = postSolution
		SolutionGuid = {AFE30A12-B91A-43EB-B3E3-9C9C07E2F840}
	EndGlobalSection
EndGlobal
