
Microsoft Visual Studio Solution File, Format Version 12.00
# Visual Studio 15
VisualStudioVersion = 15.0.27130.2027
MinimumVisualStudioVersion = 10.0.40219.1
Project("{9A19103F-16F7-4668-BE54-9A1E7A4F7556}") = "CasaDoCodigo.Aula1", "Aula1\CasaDoCodigo\CasaDoCodigo.Aula1.csproj", "{A6CED136-2A39-4EED-9780-44E3F59394FC}"
EndProject
Global
	GlobalSection(SolutionConfigurationPlatforms) = preSolution
		Debug|Any CPU = Debug|Any CPU
		Release|Any CPU = Release|Any CPU
	EndGlobalSection
	GlobalSection(ProjectConfigurationPlatforms) = postSolution
		{A6CED136-2A39-4EED-9780-44E3F59394FC}.Debug|Any CPU.ActiveCfg = Debug|Any CPU
		{A6CED136-2A39-4EED-9780-44E3F59394FC}.Debug|Any CPU.Build.0 = Debug|Any CPU
		{A6CED136-2A39-4EED-9780-44E3F59394FC}.Release|Any CPU.ActiveCfg = Release|Any CPU
		{A6CED136-2A39-4EED-9780-44E3F59394FC}.Release|Any CPU.Build.0 = Release|Any CPU
	EndGlobalSection
	GlobalSection(SolutionProperties) = preSolution
		HideSolutionNode = FALSE
	EndGlobalSection
	GlobalSection(ExtensibilityGlobals) = postSolution
		SolutionGuid = {AFE30A12-B91A-43EB-B3E3-9C9C07E2F840}
	EndGlobalSection
EndGlobal
